PODS:
  - MobileVLCKit (3.3.17)

DEPENDENCIES:
  - MobileVLCKit (~> 3.3.0)

SPEC REPOS:
  https://github.com/CocoaPods/Specs.git:
    - MobileVLCKit

SPEC CHECKSUMS:
  MobileVLCKit: c5dd1b0ae933dc9c2348099840e753496dcdd908

PODFILE CHECKSUM: 6d87548e4b233e92025c9b6e187898862398e0cd

COCOAPODS: 1.11.3
