PODS:
  - Charts (3.5.0):
    - Charts/Core (= 3.5.0)
  - Charts/Core (3.5.0)
  - GaugeKit (0.5.1)
  - MobileVLCKit (3.3.17)

DEPENDENCIES:
  - Charts
  - GaugeKit
  - MobileVLCKit (~> 3.3.0)

SPEC REPOS:
  https://github.com/CocoaPods/Specs.git:
    - Charts
    - GaugeKit
    - MobileVLCKit

SPEC CHECKSUMS:
  Charts: 40a08591df1f8ad5c223ddedfb1a06da92f24f7c
  GaugeKit: b09f41f141511c172a606403e71adf8e9b6008b3
  MobileVLCKit: c5dd1b0ae933dc9c2348099840e753496dcdd908

PODFILE CHECKSUM: 4b8e3177c3453bf77289e2415e471f10101d0102

COCOAPODS: 1.11.3
